
Microsoft Visual Studio Solution File, Format Version 12.00
# Visual Studio Version 17
VisualStudioVersion = 17.8.34330.188
MinimumVisualStudioVersion = 10.0.40219.1
Project("{888888A0-9F3D-457C-B088-3A5042F75D52}") = "CISCP4", "CISCP4.pyproj", "{1E80BC27-9E67-46DC-99CE-EF890FF2503A}"
EndProject
Global
	GlobalSection(SolutionConfigurationPlatforms) = preSolution
		Debug|Any CPU = Debug|Any CPU
		Release|Any CPU = Release|Any CPU
	EndGlobalSection
	GlobalSection(ProjectConfigurationPlatforms) = postSolution
		{1E80BC27-9E67-46DC-99CE-EF890FF2503A}.Debug|Any CPU.ActiveCfg = Debug|Any CPU
		{1E80BC27-9E67-46DC-99CE-EF890FF2503A}.Release|Any CPU.ActiveCfg = Release|Any CPU
	EndGlobalSection
	GlobalSection(SolutionProperties) = preSolution
		HideSolutionNode = FALSE
	EndGlobalSection
	GlobalSection(ExtensibilityGlobals) = postSolution
		SolutionGuid = {94230C4F-3908-4388-AE21-48CCF6D41475}
	EndGlobalSection
EndGlobal
